// !$*UTF8*$!
{
	archiveVersion = 1;
	classes = {
	};
	objectVersion = 46;
	objects = {

/* Begin PBXBuildFile section */
		03337F881CB8800200C8CE98 /* FireParticle.sks in Resources */ = {isa = PBXBuildFile; fileRef = 03337F861CB8800200C8CE98 /* FireParticle.sks */; };
		03337F891CB8800200C8CE98 /* spark.png in Resources */ = {isa = PBXBuildFile; fileRef = 03337F871CB8800200C8CE98 /* spark.png */; };
		0333EC391CCBD44700BB0522 /* DungeonLevel.swift in Sources */ = {isa = PBXBuildFile; fileRef = 0333EC381CCBD44700BB0522 /* DungeonLevel.swift */; };
		033F8D1D1CC4204B009722FF /* testScene.swift in Sources */ = {isa = PBXBuildFile; fileRef = 033F8D1C1CC4204B009722FF /* testScene.swift */; };
		035A6F3B1CB385BF005B04FD /* bricksNormal.jpg in Resources */ = {isa = PBXBuildFile; fileRef = 035A6F3A1CB385BF005B04FD /* bricksNormal.jpg */; };
		035C2F511CB4B59D0087651F /* cb1_n.png in Resources */ = {isa = PBXBuildFile; fileRef = 035C2F471CB4B59D0087651F /* cb1_n.png */; };
		035C2F521CB4B59D0087651F /* cb2_n.png in Resources */ = {isa = PBXBuildFile; fileRef = 035C2F481CB4B59D0087651F /* cb2_n.png */; };
		035C2F531CB4B59D0087651F /* cb3_n.png in Resources */ = {isa = PBXBuildFile; fileRef = 035C2F491CB4B59D0087651F /* cb3_n.png */; };
		035C2F541CB4B59D0087651F /* cb4_n.png in Resources */ = {isa = PBXBuildFile; fileRef = 035C2F4A1CB4B59D0087651F /* cb4_n.png */; };
		035C2F551CB4B59D0087651F /* cb5_n.png in Resources */ = {isa = PBXBuildFile; fileRef = 035C2F4B1CB4B59D0087651F /* cb5_n.png */; };
		035C2F561CB4B59D0087651F /* cb6_n.png in Resources */ = {isa = PBXBuildFile; fileRef = 035C2F4C1CB4B59D0087651F /* cb6_n.png */; };
		035C2F571CB4B59D0087651F /* cb7_n.png in Resources */ = {isa = PBXBuildFile; fileRef = 035C2F4D1CB4B59D0087651F /* cb7_n.png */; };
		035C2F581CB4B59D0087651F /* cb8_n.png in Resources */ = {isa = PBXBuildFile; fileRef = 035C2F4E1CB4B59D0087651F /* cb8_n.png */; };
		035C2F591CB4B59D0087651F /* cb9_n.png in Resources */ = {isa = PBXBuildFile; fileRef = 035C2F4F1CB4B59D0087651F /* cb9_n.png */; };
		035C2F5A1CB4B59D0087651F /* cb10_n.png in Resources */ = {isa = PBXBuildFile; fileRef = 035C2F501CB4B59D0087651F /* cb10_n.png */; };
		035F06AF1CC2F70600C53A49 /* CharacterDetailsPopup.swift in Sources */ = {isa = PBXBuildFile; fileRef = 035F06AE1CC2F70600C53A49 /* CharacterDetailsPopup.swift */; };
		038229E51C8CBC4700D84701 /* DPad.swift in Sources */ = {isa = PBXBuildFile; fileRef = 038229E41C8CBC4700D84701 /* DPad.swift */; };
		0394FFFA1C702FCB00654A19 /* RB_Grass_2x.png in Resources */ = {isa = PBXBuildFile; fileRef = 0394FFF51C702FCB00654A19 /* RB_Grass_2x.png */; };
		0394FFFB1C702FCB00654A19 /* RB_Wall_2x.png in Resources */ = {isa = PBXBuildFile; fileRef = 0394FFF61C702FCB00654A19 /* RB_Wall_2x.png */; };
		0394FFFC1C702FCB00654A19 /* RB_Dude_2x.png in Resources */ = {isa = PBXBuildFile; fileRef = 0394FFF71C702FCB00654A19 /* RB_Dude_2x.png */; };
		0394FFFD1C702FCB00654A19 /* RB_Floor_Green_2x.png in Resources */ = {isa = PBXBuildFile; fileRef = 0394FFF81C702FCB00654A19 /* RB_Floor_Green_2x.png */; };
		0394FFFE1C702FCB00654A19 /* RB_Floor_Grey_2x.png in Resources */ = {isa = PBXBuildFile; fileRef = 0394FFF91C702FCB00654A19 /* RB_Floor_Grey_2x.png */; };
		03A04D931CDB148B00A9E2E8 /* GenericText.swift in Sources */ = {isa = PBXBuildFile; fileRef = 03A04D921CDB148B00A9E2E8 /* GenericText.swift */; };
		03B453601C93DEAD00E937D0 /* Monster.swift in Sources */ = {isa = PBXBuildFile; fileRef = 03B4535F1C93DEAD00E937D0 /* Monster.swift */; };
		03B453621C93DEBB00E937D0 /* ItemClass.swift in Sources */ = {isa = PBXBuildFile; fileRef = 03B453611C93DEBB00E937D0 /* ItemClass.swift */; };
		03C1DE741C6C3C8D00CDCF8F /* AppDelegate.swift in Sources */ = {isa = PBXBuildFile; fileRef = 03C1DE731C6C3C8D00CDCF8F /* AppDelegate.swift */; };
		03C1DE761C6C3C8D00CDCF8F /* StartScene.sks in Resources */ = {isa = PBXBuildFile; fileRef = 03C1DE751C6C3C8D00CDCF8F /* StartScene.sks */; };
		03C1DE781C6C3C8D00CDCF8F /* StartScene.swift in Sources */ = {isa = PBXBuildFile; fileRef = 03C1DE771C6C3C8D00CDCF8F /* StartScene.swift */; };
		03C1DE7A1C6C3C8D00CDCF8F /* GameViewController.swift in Sources */ = {isa = PBXBuildFile; fileRef = 03C1DE791C6C3C8D00CDCF8F /* GameViewController.swift */; };
		03C1DE7D1C6C3C8D00CDCF8F /* Main.storyboard in Resources */ = {isa = PBXBuildFile; fileRef = 03C1DE7B1C6C3C8D00CDCF8F /* Main.storyboard */; };
		03C1DE7F1C6C3C8D00CDCF8F /* Assets.xcassets in Resources */ = {isa = PBXBuildFile; fileRef = 03C1DE7E1C6C3C8D00CDCF8F /* Assets.xcassets */; };
		03C1DE821C6C3C8D00CDCF8F /* LaunchScreen.storyboard in Resources */ = {isa = PBXBuildFile; fileRef = 03C1DE801C6C3C8D00CDCF8F /* LaunchScreen.storyboard */; };
		03C1DE8D1C6C3C8D00CDCF8F /* Robue_Borne_AppTests.swift in Sources */ = {isa = PBXBuildFile; fileRef = 03C1DE8C1C6C3C8D00CDCF8F /* Robue_Borne_AppTests.swift */; };
		03C1DE981C6C3C8D00CDCF8F /* Robue_Borne_AppUITests.swift in Sources */ = {isa = PBXBuildFile; fileRef = 03C1DE971C6C3C8D00CDCF8F /* Robue_Borne_AppUITests.swift */; };
		03C1DEA61C6C420E00CDCF8F /* DungeonMap.swift in Sources */ = {isa = PBXBuildFile; fileRef = 03C1DEA51C6C420E00CDCF8F /* DungeonMap.swift */; };
		03C1DEA81C6C467500CDCF8F /* Hero.swift in Sources */ = {isa = PBXBuildFile; fileRef = 03C1DEA71C6C467500CDCF8F /* Hero.swift */; };
		03C64A151CC456AE00DC8968 /* GenericRoundButton.swift in Sources */ = {isa = PBXBuildFile; fileRef = 03C64A141CC456AE00DC8968 /* GenericRoundButton.swift */; };
		03D001BA1C9F843100685F29 /* CorridorVertical.png in Resources */ = {isa = PBXBuildFile; fileRef = 03D001B71C9F843100685F29 /* CorridorVertical.png */; };
		03D001BB1C9F843100685F29 /* Door.png in Resources */ = {isa = PBXBuildFile; fileRef = 03D001B81C9F843100685F29 /* Door.png */; };
		03D001BC1C9F843100685F29 /* CorridorHorizontal.png in Resources */ = {isa = PBXBuildFile; fileRef = 03D001B91C9F843100685F29 /* CorridorHorizontal.png */; };
		03D001BE1C9FAAF000685F29 /* Tile.swift in Sources */ = {isa = PBXBuildFile; fileRef = 03D001BD1C9FAAF000685F29 /* Tile.swift */; };
		03D001C01C9FAF7300685F29 /* HelperFunctions.swift in Sources */ = {isa = PBXBuildFile; fileRef = 03D001BF1C9FAF7300685F29 /* HelperFunctions.swift */; };
		03D53B951CBCAA37009DBD30 /* ItemProtocols.swift in Sources */ = {isa = PBXBuildFile; fileRef = 03D53B941CBCAA37009DBD30 /* ItemProtocols.swift */; };
		03D53B971CBCAA71009DBD30 /* CharacterProtocols.swift in Sources */ = {isa = PBXBuildFile; fileRef = 03D53B961CBCAA71009DBD30 /* CharacterProtocols.swift */; };
		03E3A0DA1CAF9B0C0044758D /* Light.swift in Sources */ = {isa = PBXBuildFile; fileRef = 03E3A0D91CAF9B0C0044758D /* Light.swift */; };
		03EE7FDE1C6FA1DC00244144 /* PlayScene.swift in Sources */ = {isa = PBXBuildFile; fileRef = 03EE7FDD1C6FA1DC00244144 /* PlayScene.swift */; };
/* End PBXBuildFile section */

/* Begin PBXContainerItemProxy section */
		03C1DE891C6C3C8D00CDCF8F /* PBXContainerItemProxy */ = {
			isa = PBXContainerItemProxy;
			containerPortal = 03C1DE681C6C3C8D00CDCF8F /* Project object */;
			proxyType = 1;
			remoteGlobalIDString = 03C1DE6F1C6C3C8D00CDCF8F;
			remoteInfo = "Robue-Borne-App";
		};
		03C1DE941C6C3C8D00CDCF8F /* PBXContainerItemProxy */ = {
			isa = PBXContainerItemProxy;
			containerPortal = 03C1DE681C6C3C8D00CDCF8F /* Project object */;
			proxyType = 1;
			remoteGlobalIDString = 03C1DE6F1C6C3C8D00CDCF8F;
			remoteInfo = "Robue-Borne-App";
		};
/* End PBXContainerItemProxy section */

/* Begin PBXFileReference section */
		03337F861CB8800200C8CE98 /* FireParticle.sks */ = {isa = PBXFileReference; lastKnownFileType = file.sks; path = FireParticle.sks; sourceTree = "<group>"; };
		03337F871CB8800200C8CE98 /* spark.png */ = {isa = PBXFileReference; lastKnownFileType = image.png; name = spark.png; path = "Robue-Borne-App/spark.png"; sourceTree = "<group>"; };
		0333EC381CCBD44700BB0522 /* DungeonLevel.swift */ = {isa = PBXFileReference; fileEncoding = 4; lastKnownFileType = sourcecode.swift; path = DungeonLevel.swift; sourceTree = "<group>"; };
		033F8D1C1CC4204B009722FF /* testScene.swift */ = {isa = PBXFileReference; fileEncoding = 4; lastKnownFileType = sourcecode.swift; path = testScene.swift; sourceTree = "<group>"; };
		035A6F3A1CB385BF005B04FD /* bricksNormal.jpg */ = {isa = PBXFileReference; lastKnownFileType = image.jpeg; path = bricksNormal.jpg; sourceTree = "<group>"; };
		035C2F471CB4B59D0087651F /* cb1_n.png */ = {isa = PBXFileReference; lastKnownFileType = image.png; path = cb1_n.png; sourceTree = "<group>"; };
		035C2F481CB4B59D0087651F /* cb2_n.png */ = {isa = PBXFileReference; lastKnownFileType = image.png; path = cb2_n.png; sourceTree = "<group>"; };
		035C2F491CB4B59D0087651F /* cb3_n.png */ = {isa = PBXFileReference; lastKnownFileType = image.png; path = cb3_n.png; sourceTree = "<group>"; };
		035C2F4A1CB4B59D0087651F /* cb4_n.png */ = {isa = PBXFileReference; lastKnownFileType = image.png; path = cb4_n.png; sourceTree = "<group>"; };
		035C2F4B1CB4B59D0087651F /* cb5_n.png */ = {isa = PBXFileReference; lastKnownFileType = image.png; path = cb5_n.png; sourceTree = "<group>"; };
		035C2F4C1CB4B59D0087651F /* cb6_n.png */ = {isa = PBXFileReference; lastKnownFileType = image.png; path = cb6_n.png; sourceTree = "<group>"; };
		035C2F4D1CB4B59D0087651F /* cb7_n.png */ = {isa = PBXFileReference; lastKnownFileType = image.png; path = cb7_n.png; sourceTree = "<group>"; };
		035C2F4E1CB4B59D0087651F /* cb8_n.png */ = {isa = PBXFileReference; lastKnownFileType = image.png; path = cb8_n.png; sourceTree = "<group>"; };
		035C2F4F1CB4B59D0087651F /* cb9_n.png */ = {isa = PBXFileReference; lastKnownFileType = image.png; path = cb9_n.png; sourceTree = "<group>"; };
		035C2F501CB4B59D0087651F /* cb10_n.png */ = {isa = PBXFileReference; lastKnownFileType = image.png; path = cb10_n.png; sourceTree = "<group>"; };
		035F06AE1CC2F70600C53A49 /* CharacterDetailsPopup.swift */ = {isa = PBXFileReference; fileEncoding = 4; lastKnownFileType = sourcecode.swift; path = CharacterDetailsPopup.swift; sourceTree = "<group>"; };
		038229E41C8CBC4700D84701 /* DPad.swift */ = {isa = PBXFileReference; fileEncoding = 4; lastKnownFileType = sourcecode.swift; path = DPad.swift; sourceTree = "<group>"; };
		0394FFF51C702FCB00654A19 /* RB_Grass_2x.png */ = {isa = PBXFileReference; lastKnownFileType = image.png; name = RB_Grass_2x.png; path = "Robue-Borne-App/RB_Grass_2x.png"; sourceTree = "<group>"; };
		0394FFF61C702FCB00654A19 /* RB_Wall_2x.png */ = {isa = PBXFileReference; lastKnownFileType = image.png; name = RB_Wall_2x.png; path = "Robue-Borne-App/RB_Wall_2x.png"; sourceTree = "<group>"; };
		0394FFF71C702FCB00654A19 /* RB_Dude_2x.png */ = {isa = PBXFileReference; lastKnownFileType = image.png; name = RB_Dude_2x.png; path = "Robue-Borne-App/RB_Dude_2x.png"; sourceTree = "<group>"; };
		0394FFF81C702FCB00654A19 /* RB_Floor_Green_2x.png */ = {isa = PBXFileReference; lastKnownFileType = image.png; name = RB_Floor_Green_2x.png; path = "Robue-Borne-App/RB_Floor_Green_2x.png"; sourceTree = "<group>"; };
		0394FFF91C702FCB00654A19 /* RB_Floor_Grey_2x.png */ = {isa = PBXFileReference; lastKnownFileType = image.png; name = RB_Floor_Grey_2x.png; path = "Robue-Borne-App/RB_Floor_Grey_2x.png"; sourceTree = "<group>"; };
		03A04D921CDB148B00A9E2E8 /* GenericText.swift */ = {isa = PBXFileReference; fileEncoding = 4; lastKnownFileType = sourcecode.swift; path = GenericText.swift; sourceTree = "<group>"; };
		03B4535F1C93DEAD00E937D0 /* Monster.swift */ = {isa = PBXFileReference; fileEncoding = 4; lastKnownFileType = sourcecode.swift; path = Monster.swift; sourceTree = "<group>"; };
		03B453611C93DEBB00E937D0 /* ItemClass.swift */ = {isa = PBXFileReference; fileEncoding = 4; lastKnownFileType = sourcecode.swift; path = ItemClass.swift; sourceTree = "<group>"; };
		03C1DE701C6C3C8D00CDCF8F /* Robue-Borne-App.app */ = {isa = PBXFileReference; explicitFileType = wrapper.application; includeInIndex = 0; path = "Robue-Borne-App.app"; sourceTree = BUILT_PRODUCTS_DIR; };
		03C1DE731C6C3C8D00CDCF8F /* AppDelegate.swift */ = {isa = PBXFileReference; lastKnownFileType = sourcecode.swift; path = AppDelegate.swift; sourceTree = "<group>"; };
		03C1DE751C6C3C8D00CDCF8F /* StartScene.sks */ = {isa = PBXFileReference; lastKnownFileType = file.sks; path = StartScene.sks; sourceTree = "<group>"; };
		03C1DE771C6C3C8D00CDCF8F /* StartScene.swift */ = {isa = PBXFileReference; lastKnownFileType = sourcecode.swift; path = StartScene.swift; sourceTree = "<group>"; };
		03C1DE791C6C3C8D00CDCF8F /* GameViewController.swift */ = {isa = PBXFileReference; lastKnownFileType = sourcecode.swift; path = GameViewController.swift; sourceTree = "<group>"; };
		03C1DE7C1C6C3C8D00CDCF8F /* Base */ = {isa = PBXFileReference; lastKnownFileType = file.storyboard; name = Base; path = Base.lproj/Main.storyboard; sourceTree = "<group>"; };
		03C1DE7E1C6C3C8D00CDCF8F /* Assets.xcassets */ = {isa = PBXFileReference; lastKnownFileType = folder.assetcatalog; path = Assets.xcassets; sourceTree = "<group>"; };
		03C1DE811C6C3C8D00CDCF8F /* Base */ = {isa = PBXFileReference; lastKnownFileType = file.storyboard; name = Base; path = Base.lproj/LaunchScreen.storyboard; sourceTree = "<group>"; };
		03C1DE831C6C3C8D00CDCF8F /* Info.plist */ = {isa = PBXFileReference; lastKnownFileType = text.plist.xml; path = Info.plist; sourceTree = "<group>"; };
		03C1DE881C6C3C8D00CDCF8F /* Robue-Borne-AppTests.xctest */ = {isa = PBXFileReference; explicitFileType = wrapper.cfbundle; includeInIndex = 0; path = "Robue-Borne-AppTests.xctest"; sourceTree = BUILT_PRODUCTS_DIR; };
		03C1DE8C1C6C3C8D00CDCF8F /* Robue_Borne_AppTests.swift */ = {isa = PBXFileReference; lastKnownFileType = sourcecode.swift; path = Robue_Borne_AppTests.swift; sourceTree = "<group>"; };
		03C1DE8E1C6C3C8D00CDCF8F /* Info.plist */ = {isa = PBXFileReference; lastKnownFileType = text.plist.xml; path = Info.plist; sourceTree = "<group>"; };
		03C1DE931C6C3C8D00CDCF8F /* Robue-Borne-AppUITests.xctest */ = {isa = PBXFileReference; explicitFileType = wrapper.cfbundle; includeInIndex = 0; path = "Robue-Borne-AppUITests.xctest"; sourceTree = BUILT_PRODUCTS_DIR; };
		03C1DE971C6C3C8D00CDCF8F /* Robue_Borne_AppUITests.swift */ = {isa = PBXFileReference; lastKnownFileType = sourcecode.swift; path = Robue_Borne_AppUITests.swift; sourceTree = "<group>"; };
		03C1DE991C6C3C8D00CDCF8F /* Info.plist */ = {isa = PBXFileReference; lastKnownFileType = text.plist.xml; path = Info.plist; sourceTree = "<group>"; };
		03C1DEA51C6C420E00CDCF8F /* DungeonMap.swift */ = {isa = PBXFileReference; explicitFileType = sourcecode.swift; fileEncoding = 4; path = DungeonMap.swift; sourceTree = "<group>"; };
		03C1DEA71C6C467500CDCF8F /* Hero.swift */ = {isa = PBXFileReference; fileEncoding = 4; lastKnownFileType = sourcecode.swift; path = Hero.swift; sourceTree = "<group>"; };
		03C64A141CC456AE00DC8968 /* GenericRoundButton.swift */ = {isa = PBXFileReference; fileEncoding = 4; lastKnownFileType = sourcecode.swift; path = GenericRoundButton.swift; sourceTree = "<group>"; };
		03D001B71C9F843100685F29 /* CorridorVertical.png */ = {isa = PBXFileReference; lastKnownFileType = image.png; path = CorridorVertical.png; sourceTree = "<group>"; };
		03D001B81C9F843100685F29 /* Door.png */ = {isa = PBXFileReference; lastKnownFileType = image.png; path = Door.png; sourceTree = "<group>"; };
		03D001B91C9F843100685F29 /* CorridorHorizontal.png */ = {isa = PBXFileReference; lastKnownFileType = image.png; path = CorridorHorizontal.png; sourceTree = "<group>"; };
		03D001BD1C9FAAF000685F29 /* Tile.swift */ = {isa = PBXFileReference; fileEncoding = 4; lastKnownFileType = sourcecode.swift; path = Tile.swift; sourceTree = "<group>"; };
		03D001BF1C9FAF7300685F29 /* HelperFunctions.swift */ = {isa = PBXFileReference; fileEncoding = 4; lastKnownFileType = sourcecode.swift; path = HelperFunctions.swift; sourceTree = "<group>"; };
		03D53B941CBCAA37009DBD30 /* ItemProtocols.swift */ = {isa = PBXFileReference; fileEncoding = 4; lastKnownFileType = sourcecode.swift; path = ItemProtocols.swift; sourceTree = "<group>"; };
		03D53B961CBCAA71009DBD30 /* CharacterProtocols.swift */ = {isa = PBXFileReference; fileEncoding = 4; lastKnownFileType = sourcecode.swift; path = CharacterProtocols.swift; sourceTree = "<group>"; };
		03E3A0D91CAF9B0C0044758D /* Light.swift */ = {isa = PBXFileReference; fileEncoding = 4; lastKnownFileType = sourcecode.swift; path = Light.swift; sourceTree = "<group>"; };
		03EE7FDD1C6FA1DC00244144 /* PlayScene.swift */ = {isa = PBXFileReference; fileEncoding = 4; lastKnownFileType = sourcecode.swift; path = PlayScene.swift; sourceTree = "<group>"; };
/* End PBXFileReference section */

/* Begin PBXFrameworksBuildPhase section */
		03C1DE6D1C6C3C8D00CDCF8F /* Frameworks */ = {
			isa = PBXFrameworksBuildPhase;
			buildActionMask = 2147483647;
			files = (
			);
			runOnlyForDeploymentPostprocessing = 0;
		};
		03C1DE851C6C3C8D00CDCF8F /* Frameworks */ = {
			isa = PBXFrameworksBuildPhase;
			buildActionMask = 2147483647;
			files = (
			);
			runOnlyForDeploymentPostprocessing = 0;
		};
		03C1DE901C6C3C8D00CDCF8F /* Frameworks */ = {
			isa = PBXFrameworksBuildPhase;
			buildActionMask = 2147483647;
			files = (
			);
			runOnlyForDeploymentPostprocessing = 0;
		};
/* End PBXFrameworksBuildPhase section */

/* Begin PBXGroup section */
		035C2F461CB4B5820087651F /* CircuitFloors */ = {
			isa = PBXGroup;
			children = (
				035C2F471CB4B59D0087651F /* cb1_n.png */,
				035C2F481CB4B59D0087651F /* cb2_n.png */,
				035C2F491CB4B59D0087651F /* cb3_n.png */,
				035C2F4A1CB4B59D0087651F /* cb4_n.png */,
				035C2F4B1CB4B59D0087651F /* cb5_n.png */,
				035C2F4C1CB4B59D0087651F /* cb6_n.png */,
				035C2F4D1CB4B59D0087651F /* cb7_n.png */,
				035C2F4E1CB4B59D0087651F /* cb8_n.png */,
				035C2F4F1CB4B59D0087651F /* cb9_n.png */,
				035C2F501CB4B59D0087651F /* cb10_n.png */,
			);
			name = CircuitFloors;
			sourceTree = "<group>";
		};
		0394FFFF1C702FDC00654A19 /* Assets */ = {
			isa = PBXGroup;
			children = (
				03337F871CB8800200C8CE98 /* spark.png */,
				035C2F461CB4B5820087651F /* CircuitFloors */,
				035A6F3A1CB385BF005B04FD /* bricksNormal.jpg */,
				03D001B71C9F843100685F29 /* CorridorVertical.png */,
				03D001B81C9F843100685F29 /* Door.png */,
				03D001B91C9F843100685F29 /* CorridorHorizontal.png */,
				0394FFF51C702FCB00654A19 /* RB_Grass_2x.png */,
				0394FFF61C702FCB00654A19 /* RB_Wall_2x.png */,
				0394FFF71C702FCB00654A19 /* RB_Dude_2x.png */,
				0394FFF81C702FCB00654A19 /* RB_Floor_Green_2x.png */,
				0394FFF91C702FCB00654A19 /* RB_Floor_Grey_2x.png */,
			);
			name = Assets;
			sourceTree = "<group>";
		};
		03C1DE671C6C3C8D00CDCF8F = {
			isa = PBXGroup;
			children = (
				0394FFFF1C702FDC00654A19 /* Assets */,
				03C1DE721C6C3C8D00CDCF8F /* Robue-Borne-App */,
				03C1DE8B1C6C3C8D00CDCF8F /* Robue-Borne-AppTests */,
				03C1DE961C6C3C8D00CDCF8F /* Robue-Borne-AppUITests */,
				03C1DE711C6C3C8D00CDCF8F /* Products */,
			);
			sourceTree = "<group>";
		};
		03C1DE711C6C3C8D00CDCF8F /* Products */ = {
			isa = PBXGroup;
			children = (
				03C1DE701C6C3C8D00CDCF8F /* Robue-Borne-App.app */,
				03C1DE881C6C3C8D00CDCF8F /* Robue-Borne-AppTests.xctest */,
				03C1DE931C6C3C8D00CDCF8F /* Robue-Borne-AppUITests.xctest */,
			);
			name = Products;
			sourceTree = "<group>";
		};
		03C1DE721C6C3C8D00CDCF8F /* Robue-Borne-App */ = {
			isa = PBXGroup;
			children = (
				03C1DE731C6C3C8D00CDCF8F /* AppDelegate.swift */,
				03C1DEA51C6C420E00CDCF8F /* DungeonMap.swift */,
				0333EC381CCBD44700BB0522 /* DungeonLevel.swift */,
				03D53B941CBCAA37009DBD30 /* ItemProtocols.swift */,
				03D53B961CBCAA71009DBD30 /* CharacterProtocols.swift */,
				03C1DEA71C6C467500CDCF8F /* Hero.swift */,
				03B4535F1C93DEAD00E937D0 /* Monster.swift */,
				03B453611C93DEBB00E937D0 /* ItemClass.swift */,
				03E3A0D91CAF9B0C0044758D /* Light.swift */,
				03337F861CB8800200C8CE98 /* FireParticle.sks */,
				03C64A141CC456AE00DC8968 /* GenericRoundButton.swift */,
				03A04D921CDB148B00A9E2E8 /* GenericText.swift */,
				035F06AE1CC2F70600C53A49 /* CharacterDetailsPopup.swift */,
				038229E41C8CBC4700D84701 /* DPad.swift */,
				03D001BD1C9FAAF000685F29 /* Tile.swift */,
				03D001BF1C9FAF7300685F29 /* HelperFunctions.swift */,
				03EE7FDD1C6FA1DC00244144 /* PlayScene.swift */,
				03C1DE771C6C3C8D00CDCF8F /* StartScene.swift */,
				03C1DE751C6C3C8D00CDCF8F /* StartScene.sks */,
				03C1DE791C6C3C8D00CDCF8F /* GameViewController.swift */,
				03C1DE7B1C6C3C8D00CDCF8F /* Main.storyboard */,
				033F8D1C1CC4204B009722FF /* testScene.swift */,
				03C1DE7E1C6C3C8D00CDCF8F /* Assets.xcassets */,
				03C1DE801C6C3C8D00CDCF8F /* LaunchScreen.storyboard */,
				03C1DE831C6C3C8D00CDCF8F /* Info.plist */,
			);
			path = "Robue-Borne-App";
			sourceTree = "<group>";
		};
		03C1DE8B1C6C3C8D00CDCF8F /* Robue-Borne-AppTests */ = {
			isa = PBXGroup;
			children = (
				03C1DE8C1C6C3C8D00CDCF8F /* Robue_Borne_AppTests.swift */,
				03C1DE8E1C6C3C8D00CDCF8F /* Info.plist */,
			);
			path = "Robue-Borne-AppTests";
			sourceTree = "<group>";
		};
		03C1DE961C6C3C8D00CDCF8F /* Robue-Borne-AppUITests */ = {
			isa = PBXGroup;
			children = (
				03C1DE971C6C3C8D00CDCF8F /* Robue_Borne_AppUITests.swift */,
				03C1DE991C6C3C8D00CDCF8F /* Info.plist */,
			);
			path = "Robue-Borne-AppUITests";
			sourceTree = "<group>";
		};
/* End PBXGroup section */

/* Begin PBXNativeTarget section */
		03C1DE6F1C6C3C8D00CDCF8F /* Robue-Borne-App */ = {
			isa = PBXNativeTarget;
			buildConfigurationList = 03C1DE9C1C6C3C8D00CDCF8F /* Build configuration list for PBXNativeTarget "Robue-Borne-App" */;
			buildPhases = (
				03C1DE6C1C6C3C8D00CDCF8F /* Sources */,
				03C1DE6D1C6C3C8D00CDCF8F /* Frameworks */,
				03C1DE6E1C6C3C8D00CDCF8F /* Resources */,
			);
			buildRules = (
			);
			dependencies = (
			);
			name = "Robue-Borne-App";
			productName = "Robue-Borne-App";
			productReference = 03C1DE701C6C3C8D00CDCF8F /* Robue-Borne-App.app */;
			productType = "com.apple.product-type.application";
		};
		03C1DE871C6C3C8D00CDCF8F /* Robue-Borne-AppTests */ = {
			isa = PBXNativeTarget;
			buildConfigurationList = 03C1DE9F1C6C3C8D00CDCF8F /* Build configuration list for PBXNativeTarget "Robue-Borne-AppTests" */;
			buildPhases = (
				03C1DE841C6C3C8D00CDCF8F /* Sources */,
				03C1DE851C6C3C8D00CDCF8F /* Frameworks */,
				03C1DE861C6C3C8D00CDCF8F /* Resources */,
			);
			buildRules = (
			);
			dependencies = (
				03C1DE8A1C6C3C8D00CDCF8F /* PBXTargetDependency */,
			);
			name = "Robue-Borne-AppTests";
			productName = "Robue-Borne-AppTests";
			productReference = 03C1DE881C6C3C8D00CDCF8F /* Robue-Borne-AppTests.xctest */;
			productType = "com.apple.product-type.bundle.unit-test";
		};
		03C1DE921C6C3C8D00CDCF8F /* Robue-Borne-AppUITests */ = {
			isa = PBXNativeTarget;
			buildConfigurationList = 03C1DEA21C6C3C8D00CDCF8F /* Build configuration list for PBXNativeTarget "Robue-Borne-AppUITests" */;
			buildPhases = (
				03C1DE8F1C6C3C8D00CDCF8F /* Sources */,
				03C1DE901C6C3C8D00CDCF8F /* Frameworks */,
				03C1DE911C6C3C8D00CDCF8F /* Resources */,
			);
			buildRules = (
			);
			dependencies = (
				03C1DE951C6C3C8D00CDCF8F /* PBXTargetDependency */,
			);
			name = "Robue-Borne-AppUITests";
			productName = "Robue-Borne-AppUITests";
			productReference = 03C1DE931C6C3C8D00CDCF8F /* Robue-Borne-AppUITests.xctest */;
			productType = "com.apple.product-type.bundle.ui-testing";
		};
/* End PBXNativeTarget section */

/* Begin PBXProject section */
		03C1DE681C6C3C8D00CDCF8F /* Project object */ = {
			isa = PBXProject;
			attributes = {
				LastSwiftUpdateCheck = 0720;
				LastUpgradeCheck = 0730;
				ORGANIZATIONNAME = nblogn.com;
				TargetAttributes = {
					03C1DE6F1C6C3C8D00CDCF8F = {
						CreatedOnToolsVersion = 7.2;
						DevelopmentTeam = FULHSJ97KS;
					};
					03C1DE871C6C3C8D00CDCF8F = {
						CreatedOnToolsVersion = 7.2;
						TestTargetID = 03C1DE6F1C6C3C8D00CDCF8F;
					};
					03C1DE921C6C3C8D00CDCF8F = {
						CreatedOnToolsVersion = 7.2;
						TestTargetID = 03C1DE6F1C6C3C8D00CDCF8F;
					};
				};
			};
			buildConfigurationList = 03C1DE6B1C6C3C8D00CDCF8F /* Build configuration list for PBXProject "Robue-Borne-App" */;
			compatibilityVersion = "Xcode 3.2";
			developmentRegion = English;
			hasScannedForEncodings = 0;
			knownRegions = (
				en,
				Base,
			);
			mainGroup = 03C1DE671C6C3C8D00CDCF8F;
			productRefGroup = 03C1DE711C6C3C8D00CDCF8F /* Products */;
			projectDirPath = "";
			projectRoot = "";
			targets = (
				03C1DE6F1C6C3C8D00CDCF8F /* Robue-Borne-App */,
				03C1DE871C6C3C8D00CDCF8F /* Robue-Borne-AppTests */,
				03C1DE921C6C3C8D00CDCF8F /* Robue-Borne-AppUITests */,
			);
		};
/* End PBXProject section */

/* Begin PBXResourcesBuildPhase section */
		03C1DE6E1C6C3C8D00CDCF8F /* Resources */ = {
			isa = PBXResourcesBuildPhase;
			buildActionMask = 2147483647;
			files = (
				035C2F541CB4B59D0087651F /* cb4_n.png in Resources */,
				035C2F591CB4B59D0087651F /* cb9_n.png in Resources */,
				035C2F581CB4B59D0087651F /* cb8_n.png in Resources */,
				035C2F571CB4B59D0087651F /* cb7_n.png in Resources */,
				0394FFFA1C702FCB00654A19 /* RB_Grass_2x.png in Resources */,
				035C2F531CB4B59D0087651F /* cb3_n.png in Resources */,
				035C2F521CB4B59D0087651F /* cb2_n.png in Resources */,
				035C2F511CB4B59D0087651F /* cb1_n.png in Resources */,
				035C2F5A1CB4B59D0087651F /* cb10_n.png in Resources */,
				03D001BA1C9F843100685F29 /* CorridorVertical.png in Resources */,
				035A6F3B1CB385BF005B04FD /* bricksNormal.jpg in Resources */,
				035C2F551CB4B59D0087651F /* cb5_n.png in Resources */,
				035C2F561CB4B59D0087651F /* cb6_n.png in Resources */,
				03C1DE761C6C3C8D00CDCF8F /* StartScene.sks in Resources */,
				03C1DE821C6C3C8D00CDCF8F /* LaunchScreen.storyboard in Resources */,
				0394FFFE1C702FCB00654A19 /* RB_Floor_Grey_2x.png in Resources */,
				0394FFFB1C702FCB00654A19 /* RB_Wall_2x.png in Resources */,
				03337F881CB8800200C8CE98 /* FireParticle.sks in Resources */,
				03C1DE7F1C6C3C8D00CDCF8F /* Assets.xcassets in Resources */,
				03D001BC1C9F843100685F29 /* CorridorHorizontal.png in Resources */,
				03337F891CB8800200C8CE98 /* spark.png in Resources */,
				0394FFFC1C702FCB00654A19 /* RB_Dude_2x.png in Resources */,
				0394FFFD1C702FCB00654A19 /* RB_Floor_Green_2x.png in Resources */,
				03D001BB1C9F843100685F29 /* Door.png in Resources */,
				03C1DE7D1C6C3C8D00CDCF8F /* Main.storyboard in Resources */,
			);
			runOnlyForDeploymentPostprocessing = 0;
		};
		03C1DE861C6C3C8D00CDCF8F /* Resources */ = {
			isa = PBXResourcesBuildPhase;
			buildActionMask = 2147483647;
			files = (
			);
			runOnlyForDeploymentPostprocessing = 0;
		};
		03C1DE911C6C3C8D00CDCF8F /* Resources */ = {
			isa = PBXResourcesBuildPhase;
			buildActionMask = 2147483647;
			files = (
			);
			runOnlyForDeploymentPostprocessing = 0;
		};
/* End PBXResourcesBuildPhase section */

/* Begin PBXSourcesBuildPhase section */
		03C1DE6C1C6C3C8D00CDCF8F /* Sources */ = {
			isa = PBXSourcesBuildPhase;
			buildActionMask = 2147483647;
			files = (
				03D001BE1C9FAAF000685F29 /* Tile.swift in Sources */,
				03A04D931CDB148B00A9E2E8 /* GenericText.swift in Sources */,
				038229E51C8CBC4700D84701 /* DPad.swift in Sources */,
				03D53B971CBCAA71009DBD30 /* CharacterProtocols.swift in Sources */,
				03B453621C93DEBB00E937D0 /* ItemClass.swift in Sources */,
				03C1DE781C6C3C8D00CDCF8F /* StartScene.swift in Sources */,
				03C1DEA81C6C467500CDCF8F /* Hero.swift in Sources */,
				03B453601C93DEAD00E937D0 /* Monster.swift in Sources */,
				03C64A151CC456AE00DC8968 /* GenericRoundButton.swift in Sources */,
				03E3A0DA1CAF9B0C0044758D /* Light.swift in Sources */,
				033F8D1D1CC4204B009722FF /* testScene.swift in Sources */,
				03C1DE7A1C6C3C8D00CDCF8F /* GameViewController.swift in Sources */,
				03C1DE741C6C3C8D00CDCF8F /* AppDelegate.swift in Sources */,
				03EE7FDE1C6FA1DC00244144 /* PlayScene.swift in Sources */,
				035F06AF1CC2F70600C53A49 /* CharacterDetailsPopup.swift in Sources */,
				03D001C01C9FAF7300685F29 /* HelperFunctions.swift in Sources */,
				03D53B951CBCAA37009DBD30 /* ItemProtocols.swift in Sources */,
				03C1DEA61C6C420E00CDCF8F /* DungeonMap.swift in Sources */,
				0333EC391CCBD44700BB0522 /* DungeonLevel.swift in Sources */,
			);
			runOnlyForDeploymentPostprocessing = 0;
		};
		03C1DE841C6C3C8D00CDCF8F /* Sources */ = {
			isa = PBXSourcesBuildPhase;
			buildActionMask = 2147483647;
			files = (
				03C1DE8D1C6C3C8D00CDCF8F /* Robue_Borne_AppTests.swift in Sources */,
			);
			runOnlyForDeploymentPostprocessing = 0;
		};
		03C1DE8F1C6C3C8D00CDCF8F /* Sources */ = {
			isa = PBXSourcesBuildPhase;
			buildActionMask = 2147483647;
			files = (
				03C1DE981C6C3C8D00CDCF8F /* Robue_Borne_AppUITests.swift in Sources */,
			);
			runOnlyForDeploymentPostprocessing = 0;
		};
/* End PBXSourcesBuildPhase section */

/* Begin PBXTargetDependency section */
		03C1DE8A1C6C3C8D00CDCF8F /* PBXTargetDependency */ = {
			isa = PBXTargetDependency;
			target = 03C1DE6F1C6C3C8D00CDCF8F /* Robue-Borne-App */;
			targetProxy = 03C1DE891C6C3C8D00CDCF8F /* PBXContainerItemProxy */;
		};
		03C1DE951C6C3C8D00CDCF8F /* PBXTargetDependency */ = {
			isa = PBXTargetDependency;
			target = 03C1DE6F1C6C3C8D00CDCF8F /* Robue-Borne-App */;
			targetProxy = 03C1DE941C6C3C8D00CDCF8F /* PBXContainerItemProxy */;
		};
/* End PBXTargetDependency section */

/* Begin PBXVariantGroup section */
		03C1DE7B1C6C3C8D00CDCF8F /* Main.storyboard */ = {
			isa = PBXVariantGroup;
			children = (
				03C1DE7C1C6C3C8D00CDCF8F /* Base */,
			);
			name = Main.storyboard;
			sourceTree = "<group>";
		};
		03C1DE801C6C3C8D00CDCF8F /* LaunchScreen.storyboard */ = {
			isa = PBXVariantGroup;
			children = (
				03C1DE811C6C3C8D00CDCF8F /* Base */,
			);
			name = LaunchScreen.storyboard;
			sourceTree = "<group>";
		};
/* End PBXVariantGroup section */

/* Begin XCBuildConfiguration section */
		03C1DE9A1C6C3C8D00CDCF8F /* Debug */ = {
			isa = XCBuildConfiguration;
			buildSettings = {
				ALWAYS_SEARCH_USER_PATHS = NO;
				CLANG_CXX_LANGUAGE_STANDARD = "gnu++0x";
				CLANG_CXX_LIBRARY = "libc++";
				CLANG_ENABLE_MODULES = YES;
				CLANG_ENABLE_OBJC_ARC = YES;
				CLANG_WARN_BOOL_CONVERSION = YES;
				CLANG_WARN_CONSTANT_CONVERSION = YES;
				CLANG_WARN_DIRECT_OBJC_ISA_USAGE = YES_ERROR;
				CLANG_WARN_EMPTY_BODY = YES;
				CLANG_WARN_ENUM_CONVERSION = YES;
				CLANG_WARN_INT_CONVERSION = YES;
				CLANG_WARN_OBJC_ROOT_CLASS = YES_ERROR;
				CLANG_WARN_UNREACHABLE_CODE = YES;
				CLANG_WARN__DUPLICATE_METHOD_MATCH = YES;
				"CODE_SIGN_IDENTITY[sdk=iphoneos*]" = "iPhone Developer";
				COPY_PHASE_STRIP = NO;
				DEBUG_INFORMATION_FORMAT = "dwarf-with-dsym";
				ENABLE_STRICT_OBJC_MSGSEND = YES;
				ENABLE_TESTABILITY = YES;
				GCC_C_LANGUAGE_STANDARD = gnu99;
				GCC_DYNAMIC_NO_PIC = NO;
				GCC_NO_COMMON_BLOCKS = YES;
				GCC_OPTIMIZATION_LEVEL = 0;
				GCC_PREPROCESSOR_DEFINITIONS = (
					"DEBUG=1",
					"$(inherited)",
				);
				GCC_WARN_64_TO_32_BIT_CONVERSION = YES;
				GCC_WARN_ABOUT_RETURN_TYPE = YES_ERROR;
				GCC_WARN_UNDECLARED_SELECTOR = YES;
				GCC_WARN_UNINITIALIZED_AUTOS = YES_AGGRESSIVE;
				GCC_WARN_UNUSED_FUNCTION = YES;
				GCC_WARN_UNUSED_VARIABLE = YES;
				IPHONEOS_DEPLOYMENT_TARGET = 9.3;
				MTL_ENABLE_DEBUG_INFO = YES;
				ONLY_ACTIVE_ARCH = YES;
				SDKROOT = iphoneos;
				SWIFT_OPTIMIZATION_LEVEL = "-Onone";
				TARGETED_DEVICE_FAMILY = "1,2";
			};
			name = Debug;
		};
		03C1DE9B1C6C3C8D00CDCF8F /* Release */ = {
			isa = XCBuildConfiguration;
			buildSettings = {
				ALWAYS_SEARCH_USER_PATHS = NO;
				CLANG_CXX_LANGUAGE_STANDARD = "gnu++0x";
				CLANG_CXX_LIBRARY = "libc++";
				CLANG_ENABLE_MODULES = YES;
				CLANG_ENABLE_OBJC_ARC = YES;
				CLANG_WARN_BOOL_CONVERSION = YES;
				CLANG_WARN_CONSTANT_CONVERSION = YES;
				CLANG_WARN_DIRECT_OBJC_ISA_USAGE = YES_ERROR;
				CLANG_WARN_EMPTY_BODY = YES;
				CLANG_WARN_ENUM_CONVERSION = YES;
				CLANG_WARN_INT_CONVERSION = YES;
				CLANG_WARN_OBJC_ROOT_CLASS = YES_ERROR;
				CLANG_WARN_UNREACHABLE_CODE = YES;
				CLANG_WARN__DUPLICATE_METHOD_MATCH = YES;
				"CODE_SIGN_IDENTITY[sdk=iphoneos*]" = "iPhone Developer";
				COPY_PHASE_STRIP = NO;
				DEBUG_INFORMATION_FORMAT = "dwarf-with-dsym";
				ENABLE_NS_ASSERTIONS = NO;
				ENABLE_STRICT_OBJC_MSGSEND = YES;
				GCC_C_LANGUAGE_STANDARD = gnu99;
				GCC_NO_COMMON_BLOCKS = YES;
				GCC_WARN_64_TO_32_BIT_CONVERSION = YES;
				GCC_WARN_ABOUT_RETURN_TYPE = YES_ERROR;
				GCC_WARN_UNDECLARED_SELECTOR = YES;
				GCC_WARN_UNINITIALIZED_AUTOS = YES_AGGRESSIVE;
				GCC_WARN_UNUSED_FUNCTION = YES;
				GCC_WARN_UNUSED_VARIABLE = YES;
				IPHONEOS_DEPLOYMENT_TARGET = 9.3;
				MTL_ENABLE_DEBUG_INFO = NO;
				SDKROOT = iphoneos;
				TARGETED_DEVICE_FAMILY = "1,2";
				VALIDATE_PRODUCT = YES;
			};
			name = Release;
		};
		03C1DE9D1C6C3C8D00CDCF8F /* Debug */ = {
			isa = XCBuildConfiguration;
			buildSettings = {
				ASSETCATALOG_COMPILER_APPICON_NAME = AppIcon;
				CODE_SIGN_IDENTITY = "iPhone Developer";
				"CODE_SIGN_IDENTITY[sdk=iphoneos*]" = "iPhone Developer";
				INFOPLIST_FILE = "Robue-Borne-App/Info.plist";
				IPHONEOS_DEPLOYMENT_TARGET = 9.3;
				LD_RUNPATH_SEARCH_PATHS = "$(inherited) @executable_path/Frameworks";
				PRODUCT_BUNDLE_IDENTIFIER = "nblogn.Robue-Borne-App";
				PRODUCT_NAME = "$(TARGET_NAME)";
				PROVISIONING_PROFILE = "";
				SDKROOT = iphoneos;
				TARGETED_DEVICE_FAMILY = "1,2";
			};
			name = Debug;
		};
		03C1DE9E1C6C3C8D00CDCF8F /* Release */ = {
			isa = XCBuildConfiguration;
			buildSettings = {
				ASSETCATALOG_COMPILER_APPICON_NAME = AppIcon;
				CODE_SIGN_IDENTITY = "iPhone Developer";
				"CODE_SIGN_IDENTITY[sdk=iphoneos*]" = "iPhone Developer";
				INFOPLIST_FILE = "Robue-Borne-App/Info.plist";
				IPHONEOS_DEPLOYMENT_TARGET = 9.3;
				LD_RUNPATH_SEARCH_PATHS = "$(inherited) @executable_path/Frameworks";
				PRODUCT_BUNDLE_IDENTIFIER = "nblogn.Robue-Borne-App";
				PRODUCT_NAME = "$(TARGET_NAME)";
				PROVISIONING_PROFILE = "";
				SDKROOT = iphoneos;
				TARGETED_DEVICE_FAMILY = "1,2";
			};
			name = Release;
		};
		03C1DEA01C6C3C8D00CDCF8F /* Debug */ = {
			isa = XCBuildConfiguration;
			buildSettings = {
				BUNDLE_LOADER = "$(TEST_HOST)";
				DEBUG_INFORMATION_FORMAT = dwarf;
				INFOPLIST_FILE = "Robue-Borne-AppTests/Info.plist";
				LD_RUNPATH_SEARCH_PATHS = "$(inherited) @executable_path/Frameworks @loader_path/Frameworks";
				PRODUCT_BUNDLE_IDENTIFIER = "nblogn.Robue-Borne-AppTests";
				PRODUCT_NAME = "$(TARGET_NAME)";
				TEST_HOST = "$(BUILT_PRODUCTS_DIR)/Robue-Borne-App.app/Robue-Borne-App";
			};
			name = Debug;
		};
		03C1DEA11C6C3C8D00CDCF8F /* Release */ = {
			isa = XCBuildConfiguration;
			buildSettings = {
				BUNDLE_LOADER = "$(TEST_HOST)";
				INFOPLIST_FILE = "Robue-Borne-AppTests/Info.plist";
				LD_RUNPATH_SEARCH_PATHS = "$(inherited) @executable_path/Frameworks @loader_path/Frameworks";
				PRODUCT_BUNDLE_IDENTIFIER = "nblogn.Robue-Borne-AppTests";
				PRODUCT_NAME = "$(TARGET_NAME)";
				TEST_HOST = "$(BUILT_PRODUCTS_DIR)/Robue-Borne-App.app/Robue-Borne-App";
			};
			name = Release;
		};
		03C1DEA31C6C3C8D00CDCF8F /* Debug */ = {
			isa = XCBuildConfiguration;
			buildSettings = {
				DEBUG_INFORMATION_FORMAT = dwarf;
				INFOPLIST_FILE = "Robue-Borne-AppUITests/Info.plist";
				LD_RUNPATH_SEARCH_PATHS = "$(inherited) @executable_path/Frameworks @loader_path/Frameworks";
				PRODUCT_BUNDLE_IDENTIFIER = "nblogn.Robue-Borne-AppUITests";
				PRODUCT_NAME = "$(TARGET_NAME)";
				TEST_TARGET_NAME = "Robue-Borne-App";
				USES_XCTRUNNER = YES;
			};
			name = Debug;
		};
		03C1DEA41C6C3C8D00CDCF8F /* Release */ = {
			isa = XCBuildConfiguration;
			buildSettings = {
				INFOPLIST_FILE = "Robue-Borne-AppUITests/Info.plist";
				LD_RUNPATH_SEARCH_PATHS = "$(inherited) @executable_path/Frameworks @loader_path/Frameworks";
				PRODUCT_BUNDLE_IDENTIFIER = "nblogn.Robue-Borne-AppUITests";
				PRODUCT_NAME = "$(TARGET_NAME)";
				TEST_TARGET_NAME = "Robue-Borne-App";
				USES_XCTRUNNER = YES;
			};
			name = Release;
		};
/* End XCBuildConfiguration section */

/* Begin XCConfigurationList section */
		03C1DE6B1C6C3C8D00CDCF8F /* Build configuration list for PBXProject "Robue-Borne-App" */ = {
			isa = XCConfigurationList;
			buildConfigurations = (
				03C1DE9A1C6C3C8D00CDCF8F /* Debug */,
				03C1DE9B1C6C3C8D00CDCF8F /* Release */,
			);
			defaultConfigurationIsVisible = 0;
			defaultConfigurationName = Release;
		};
		03C1DE9C1C6C3C8D00CDCF8F /* Build configuration list for PBXNativeTarget "Robue-Borne-App" */ = {
			isa = XCConfigurationList;
			buildConfigurations = (
				03C1DE9D1C6C3C8D00CDCF8F /* Debug */,
				03C1DE9E1C6C3C8D00CDCF8F /* Release */,
			);
			defaultConfigurationIsVisible = 0;
			defaultConfigurationName = Release;
		};
		03C1DE9F1C6C3C8D00CDCF8F /* Build configuration list for PBXNativeTarget "Robue-Borne-AppTests" */ = {
			isa = XCConfigurationList;
			buildConfigurations = (
				03C1DEA01C6C3C8D00CDCF8F /* Debug */,
				03C1DEA11C6C3C8D00CDCF8F /* Release */,
			);
			defaultConfigurationIsVisible = 0;
			defaultConfigurationName = Release;
		};
		03C1DEA21C6C3C8D00CDCF8F /* Build configuration list for PBXNativeTarget "Robue-Borne-AppUITests" */ = {
			isa = XCConfigurationList;
			buildConfigurations = (
				03C1DEA31C6C3C8D00CDCF8F /* Debug */,
				03C1DEA41C6C3C8D00CDCF8F /* Release */,
			);
			defaultConfigurationIsVisible = 0;
			defaultConfigurationName = Release;
		};
/* End XCConfigurationList section */
	};
	rootObject = 03C1DE681C6C3C8D00CDCF8F /* Project object */;
}
